
Microsoft Visual Studio Solution File, Format Version 12.00
# Visual Studio Version 16
VisualStudioVersion = 16.0.32228.343
MinimumVisualStudioVersion = 10.0.40219.1
Project("{FAE04EC0-301F-11D3-BF4B-00C04F79EFBC}") = "Sailing Application(Delegate)", "Sailing Application(Delegate)\Sailing Application(Delegate).csproj", "{A231D2CF-B637-40E5-8968-0DCEE3DE4D34}"
EndProject
Global
	GlobalSection(SolutionConfigurationPlatforms) = preSolution
		Debug|Any CPU = Debug|Any CPU
		Release|Any CPU = Release|Any CPU
	EndGlobalSection
	GlobalSection(ProjectConfigurationPlatforms) = postSolution
		{A231D2CF-B637-40E5-8968-0DCEE3DE4D34}.Debug|Any CPU.ActiveCfg = Debug|Any CPU
		{A231D2CF-B637-40E5-8968-0DCEE3DE4D34}.Debug|Any CPU.Build.0 = Debug|Any CPU
		{A231D2CF-B637-40E5-8968-0DCEE3DE4D34}.Release|Any CPU.ActiveCfg = Release|Any CPU
		{A231D2CF-B637-40E5-8968-0DCEE3DE4D34}.Release|Any CPU.Build.0 = Release|Any CPU
	EndGlobalSection
	GlobalSection(SolutionProperties) = preSolution
		HideSolutionNode = FALSE
	EndGlobalSection
	GlobalSection(ExtensibilityGlobals) = postSolution
		SolutionGuid = {B1C48C22-1602-4B9F-A63D-EBC06019BD2D}
	EndGlobalSection
EndGlobal
